
Microsoft Visual Studio Solution File, Format Version 12.00
# Visual Studio 2012
Project("{FAE04EC0-301F-11D3-BF4B-00C04F79EFBC}") = "DataInjector", "DataInjector\DataInjector.csproj", "{D7D53133-9423-4045-951F-066A2AD50124}"
EndProject
Project("{FAE04EC0-301F-11D3-BF4B-00C04F79EFBC}") = "TestProject", "TestProject\TestProject.csproj", "{AFACD6FA-A215-4EB8-ABAD-90FB23C756D8}"
EndProject
Project("{2150E333-8FDC-42A3-9474-1A3956D46DE8}") = ".nuget", ".nuget", "{1CA6CDC1-BD32-4885-8AD4-EDDFFD425A0D}"
	ProjectSection(SolutionItems) = preProject
		.nuget\packages.config = .nuget\packages.config
	EndProjectSection
EndProject
Global
	GlobalSection(SolutionConfigurationPlatforms) = preSolution
		Debug|Any CPU = Debug|Any CPU
		Release|Any CPU = Release|Any CPU
	EndGlobalSection
	GlobalSection(ProjectConfigurationPlatforms) = postSolution
		{D7D53133-9423-4045-951F-066A2AD50124}.Debug|Any CPU.ActiveCfg = Debug|Any CPU
		{D7D53133-9423-4045-951F-066A2AD50124}.Debug|Any CPU.Build.0 = Debug|Any CPU
		{D7D53133-9423-4045-951F-066A2AD50124}.Release|Any CPU.ActiveCfg = Release|Any CPU
		{D7D53133-9423-4045-951F-066A2AD50124}.Release|Any CPU.Build.0 = Release|Any CPU
		{AFACD6FA-A215-4EB8-ABAD-90FB23C756D8}.Debug|Any CPU.ActiveCfg = Debug|Any CPU
		{AFACD6FA-A215-4EB8-ABAD-90FB23C756D8}.Debug|Any CPU.Build.0 = Debug|Any CPU
		{AFACD6FA-A215-4EB8-ABAD-90FB23C756D8}.Release|Any CPU.ActiveCfg = Release|Any CPU
		{AFACD6FA-A215-4EB8-ABAD-90FB23C756D8}.Release|Any CPU.Build.0 = Release|Any CPU
	EndGlobalSection
	GlobalSection(SolutionProperties) = preSolution
		HideSolutionNode = FALSE
	EndGlobalSection
EndGlobal
